// !$*UTF8*$!
{
	archiveVersion = 1;
	classes = {
	};
	objectVersion = 56;
	objects = {

/* Begin PBXBuildFile section */
		10215D552A057AB30087A892 /* AppDelegate.swift in Sources */ = {isa = PBXBuildFile; fileRef = 10215D542A057AB30087A892 /* AppDelegate.swift */; };
		10215D572A057AB30087A892 /* SceneDelegate.swift in Sources */ = {isa = PBXBuildFile; fileRef = 10215D562A057AB30087A892 /* SceneDelegate.swift */; };
		10215D592A057AB30087A892 /* CompassViewController.swift in Sources */ = {isa = PBXBuildFile; fileRef = 10215D582A057AB30087A892 /* CompassViewController.swift */; };
		10215D5E2A057AB40087A892 /* Assets.xcassets in Resources */ = {isa = PBXBuildFile; fileRef = 10215D5D2A057AB40087A892 /* Assets.xcassets */; };
		10215D612A057AB40087A892 /* LaunchScreen.storyboard in Resources */ = {isa = PBXBuildFile; fileRef = 10215D5F2A057AB40087A892 /* LaunchScreen.storyboard */; };
		10215D692A05AB940087A892 /* CompassPresenter.swift in Sources */ = {isa = PBXBuildFile; fileRef = 10215D682A05AB940087A892 /* CompassPresenter.swift */; };
		10215D702A05BDF90087A892 /* Direction.swift in Sources */ = {isa = PBXBuildFile; fileRef = 10215D6F2A05BDF90087A892 /* Direction.swift */; };
/* End PBXBuildFile section */

/* Begin PBXFileReference section */
		10215D512A057AB30087A892 /* CompassApp.app */ = {isa = PBXFileReference; explicitFileType = wrapper.application; includeInIndex = 0; path = CompassApp.app; sourceTree = BUILT_PRODUCTS_DIR; };
		10215D542A057AB30087A892 /* AppDelegate.swift */ = {isa = PBXFileReference; lastKnownFileType = sourcecode.swift; path = AppDelegate.swift; sourceTree = "<group>"; };
		10215D562A057AB30087A892 /* SceneDelegate.swift */ = {isa = PBXFileReference; lastKnownFileType = sourcecode.swift; path = SceneDelegate.swift; sourceTree = "<group>"; };
		10215D582A057AB30087A892 /* CompassViewController.swift */ = {isa = PBXFileReference; lastKnownFileType = sourcecode.swift; path = CompassViewController.swift; sourceTree = "<group>"; };
		10215D5D2A057AB40087A892 /* Assets.xcassets */ = {isa = PBXFileReference; lastKnownFileType = folder.assetcatalog; path = Assets.xcassets; sourceTree = "<group>"; };
		10215D602A057AB40087A892 /* Base */ = {isa = PBXFileReference; lastKnownFileType = file.storyboard; name = Base; path = Base.lproj/LaunchScreen.storyboard; sourceTree = "<group>"; };
		10215D622A057AB40087A892 /* Info.plist */ = {isa = PBXFileReference; lastKnownFileType = text.plist.xml; path = Info.plist; sourceTree = "<group>"; };
		10215D682A05AB940087A892 /* CompassPresenter.swift */ = {isa = PBXFileReference; lastKnownFileType = sourcecode.swift; path = CompassPresenter.swift; sourceTree = "<group>"; };
		10215D6F2A05BDF90087A892 /* Direction.swift */ = {isa = PBXFileReference; lastKnownFileType = sourcecode.swift; path = Direction.swift; sourceTree = "<group>"; };
/* End PBXFileReference section */

/* Begin PBXFrameworksBuildPhase section */
		10215D4E2A057AB30087A892 /* Frameworks */ = {
			isa = PBXFrameworksBuildPhase;
			buildActionMask = 2147483647;
			files = (
			);
			runOnlyForDeploymentPostprocessing = 0;
		};
/* End PBXFrameworksBuildPhase section */

/* Begin PBXGroup section */
		10215D482A057AB30087A892 = {
			isa = PBXGroup;
			children = (
				10215D532A057AB30087A892 /* CompassApp */,
				10215D522A057AB30087A892 /* Products */,
			);
			sourceTree = "<group>";
		};
		10215D522A057AB30087A892 /* Products */ = {
			isa = PBXGroup;
			children = (
				10215D512A057AB30087A892 /* CompassApp.app */,
			);
			name = Products;
			sourceTree = "<group>";
		};
		10215D532A057AB30087A892 /* CompassApp */ = {
			isa = PBXGroup;
			children = (
				10215D6A2A05B1C50087A892 /* App */,
				10215D6C2A05B1E90087A892 /* CompassModule */,
				10215D6B2A05B1D20087A892 /* SupportingFiles */,
			);
			path = CompassApp;
			sourceTree = "<group>";
		};
		10215D6A2A05B1C50087A892 /* App */ = {
			isa = PBXGroup;
			children = (
				10215D542A057AB30087A892 /* AppDelegate.swift */,
				10215D562A057AB30087A892 /* SceneDelegate.swift */,
			);
			path = App;
			sourceTree = "<group>";
		};
		10215D6B2A05B1D20087A892 /* SupportingFiles */ = {
			isa = PBXGroup;
			children = (
				10215D5D2A057AB40087A892 /* Assets.xcassets */,
				10215D5F2A057AB40087A892 /* LaunchScreen.storyboard */,
				10215D622A057AB40087A892 /* Info.plist */,
				10215D6F2A05BDF90087A892 /* Direction.swift */,
			);
			path = SupportingFiles;
			sourceTree = "<group>";
		};
		10215D6C2A05B1E90087A892 /* CompassModule */ = {
			isa = PBXGroup;
			children = (
				10215D582A057AB30087A892 /* CompassViewController.swift */,
				10215D682A05AB940087A892 /* CompassPresenter.swift */,
			);
			path = CompassModule;
			sourceTree = "<group>";
		};
/* End PBXGroup section */

/* Begin PBXNativeTarget section */
		10215D502A057AB30087A892 /* CompassApp */ = {
			isa = PBXNativeTarget;
			buildConfigurationList = 10215D652A057AB40087A892 /* Build configuration list for PBXNativeTarget "CompassApp" */;
			buildPhases = (
				10215D4D2A057AB30087A892 /* Sources */,
				10215D4E2A057AB30087A892 /* Frameworks */,
				10215D4F2A057AB30087A892 /* Resources */,
			);
			buildRules = (
			);
			dependencies = (
			);
			name = CompassApp;
			productName = CompassApp;
			productReference = 10215D512A057AB30087A892 /* CompassApp.app */;
			productType = "com.apple.product-type.application";
		};
/* End PBXNativeTarget section */

/* Begin PBXProject section */
		10215D492A057AB30087A892 /* Project object */ = {
			isa = PBXProject;
			attributes = {
				BuildIndependentTargetsInParallel = 1;
				LastSwiftUpdateCheck = 1430;
				LastUpgradeCheck = 1430;
				TargetAttributes = {
					10215D502A057AB30087A892 = {
						CreatedOnToolsVersion = 14.3;
					};
				};
			};
			buildConfigurationList = 10215D4C2A057AB30087A892 /* Build configuration list for PBXProject "CompassApp" */;
			compatibilityVersion = "Xcode 14.0";
			developmentRegion = en;
			hasScannedForEncodings = 0;
			knownRegions = (
				en,
				Base,
			);
			mainGroup = 10215D482A057AB30087A892;
			productRefGroup = 10215D522A057AB30087A892 /* Products */;
			projectDirPath = "";
			projectRoot = "";
			targets = (
				10215D502A057AB30087A892 /* CompassApp */,
			);
		};
/* End PBXProject section */

/* Begin PBXResourcesBuildPhase section */
		10215D4F2A057AB30087A892 /* Resources */ = {
			isa = PBXResourcesBuildPhase;
			buildActionMask = 2147483647;
			files = (
				10215D612A057AB40087A892 /* LaunchScreen.storyboard in Resources */,
				10215D5E2A057AB40087A892 /* Assets.xcassets in Resources */,
			);
			runOnlyForDeploymentPostprocessing = 0;
		};
/* End PBXResourcesBuildPhase section */

/* Begin PBXSourcesBuildPhase section */
		10215D4D2A057AB30087A892 /* Sources */ = {
			isa = PBXSourcesBuildPhase;
			buildActionMask = 2147483647;
			files = (
				10215D692A05AB940087A892 /* CompassPresenter.swift in Sources */,
				10215D592A057AB30087A892 /* CompassViewController.swift in Sources */,
				10215D552A057AB30087A892 /* AppDelegate.swift in Sources */,
				10215D702A05BDF90087A892 /* Direction.swift in Sources */,
				10215D572A057AB30087A892 /* SceneDelegate.swift in Sources */,
			);
			runOnlyForDeploymentPostprocessing = 0;
		};
/* End PBXSourcesBuildPhase section */

/* Begin PBXVariantGroup section */
		10215D5F2A057AB40087A892 /* LaunchScreen.storyboard */ = {
			isa = PBXVariantGroup;
			children = (
				10215D602A057AB40087A892 /* Base */,
			);
			name = LaunchScreen.storyboard;
			sourceTree = "<group>";
		};
/* End PBXVariantGroup section */

/* Begin XCBuildConfiguration section */
		10215D632A057AB40087A892 /* Debug */ = {
			isa = XCBuildConfiguration;
			buildSettings = {
				ALWAYS_SEARCH_USER_PATHS = NO;
				CLANG_ANALYZER_NONNULL = YES;
				CLANG_ANALYZER_NUMBER_OBJECT_CONVERSION = YES_AGGRESSIVE;
				CLANG_CXX_LANGUAGE_STANDARD = "gnu++20";
				CLANG_ENABLE_MODULES = YES;
				CLANG_ENABLE_OBJC_ARC = YES;
				CLANG_ENABLE_OBJC_WEAK = YES;
				CLANG_WARN_BLOCK_CAPTURE_AUTORELEASING = YES;
				CLANG_WARN_BOOL_CONVERSION = YES;
				CLANG_WARN_COMMA = YES;
				CLANG_WARN_CONSTANT_CONVERSION = YES;
				CLANG_WARN_DEPRECATED_OBJC_IMPLEMENTATIONS = YES;
				CLANG_WARN_DIRECT_OBJC_ISA_USAGE = YES_ERROR;
				CLANG_WARN_DOCUMENTATION_COMMENTS = YES;
				CLANG_WARN_EMPTY_BODY = YES;
				CLANG_WARN_ENUM_CONVERSION = YES;
				CLANG_WARN_INFINITE_RECURSION = YES;
				CLANG_WARN_INT_CONVERSION = YES;
				CLANG_WARN_NON_LITERAL_NULL_CONVERSION = YES;
				CLANG_WARN_OBJC_IMPLICIT_RETAIN_SELF = YES;
				CLANG_WARN_OBJC_LITERAL_CONVERSION = YES;
				CLANG_WARN_OBJC_ROOT_CLASS = YES_ERROR;
				CLANG_WARN_QUOTED_INCLUDE_IN_FRAMEWORK_HEADER = YES;
				CLANG_WARN_RANGE_LOOP_ANALYSIS = YES;
				CLANG_WARN_STRICT_PROTOTYPES = YES;
				CLANG_WARN_SUSPICIOUS_MOVE = YES;
				CLANG_WARN_UNGUARDED_AVAILABILITY = YES_AGGRESSIVE;
				CLANG_WARN_UNREACHABLE_CODE = YES;
				CLANG_WARN__DUPLICATE_METHOD_MATCH = YES;
				COPY_PHASE_STRIP = NO;
				DEBUG_INFORMATION_FORMAT = dwarf;
				ENABLE_STRICT_OBJC_MSGSEND = YES;
				ENABLE_TESTABILITY = YES;
				GCC_C_LANGUAGE_STANDARD = gnu11;
				GCC_DYNAMIC_NO_PIC = NO;
				GCC_NO_COMMON_BLOCKS = YES;
				GCC_OPTIMIZATION_LEVEL = 0;
				GCC_PREPROCESSOR_DEFINITIONS = (
					"DEBUG=1",
					"$(inherited)",
				);
				GCC_WARN_64_TO_32_BIT_CONVERSION = YES;
				GCC_WARN_ABOUT_RETURN_TYPE = YES_ERROR;
				GCC_WARN_UNDECLARED_SELECTOR = YES;
				GCC_WARN_UNINITIALIZED_AUTOS = YES_AGGRESSIVE;
				GCC_WARN_UNUSED_FUNCTION = YES;
				GCC_WARN_UNUSED_VARIABLE = YES;
				IPHONEOS_DEPLOYMENT_TARGET = 15.0;
				MTL_ENABLE_DEBUG_INFO = INCLUDE_SOURCE;
				MTL_FAST_MATH = YES;
				ONLY_ACTIVE_ARCH = YES;
				SDKROOT = iphoneos;
				SWIFT_ACTIVE_COMPILATION_CONDITIONS = DEBUG;
				SWIFT_OPTIMIZATION_LEVEL = "-Onone";
			};
			name = Debug;
		};
		10215D642A057AB40087A892 /* Release */ = {
			isa = XCBuildConfiguration;
			buildSettings = {
				ALWAYS_SEARCH_USER_PATHS = NO;
				CLANG_ANALYZER_NONNULL = YES;
				CLANG_ANALYZER_NUMBER_OBJECT_CONVERSION = YES_AGGRESSIVE;
				CLANG_CXX_LANGUAGE_STANDARD = "gnu++20";
				CLANG_ENABLE_MODULES = YES;
				CLANG_ENABLE_OBJC_ARC = YES;
				CLANG_ENABLE_OBJC_WEAK = YES;
				CLANG_WARN_BLOCK_CAPTURE_AUTORELEASING = YES;
				CLANG_WARN_BOOL_CONVERSION = YES;
				CLANG_WARN_COMMA = YES;
				CLANG_WARN_CONSTANT_CONVERSION = YES;
				CLANG_WARN_DEPRECATED_OBJC_IMPLEMENTATIONS = YES;
				CLANG_WARN_DIRECT_OBJC_ISA_USAGE = YES_ERROR;
				CLANG_WARN_DOCUMENTATION_COMMENTS = YES;
				CLANG_WARN_EMPTY_BODY = YES;
				CLANG_WARN_ENUM_CONVERSION = YES;
				CLANG_WARN_INFINITE_RECURSION = YES;
				CLANG_WARN_INT_CONVERSION = YES;
				CLANG_WARN_NON_LITERAL_NULL_CONVERSION = YES;
				CLANG_WARN_OBJC_IMPLICIT_RETAIN_SELF = YES;
				CLANG_WARN_OBJC_LITERAL_CONVERSION = YES;
				CLANG_WARN_OBJC_ROOT_CLASS = YES_ERROR;
				CLANG_WARN_QUOTED_INCLUDE_IN_FRAMEWORK_HEADER = YES;
				CLANG_WARN_RANGE_LOOP_ANALYSIS = YES;
				CLANG_WARN_STRICT_PROTOTYPES = YES;
				CLANG_WARN_SUSPICIOUS_MOVE = YES;
				CLANG_WARN_UNGUARDED_AVAILABILITY = YES_AGGRESSIVE;
				CLANG_WARN_UNREACHABLE_CODE = YES;
				CLANG_WARN__DUPLICATE_METHOD_MATCH = YES;
				COPY_PHASE_STRIP = NO;
				DEBUG_INFORMATION_FORMAT = "dwarf-with-dsym";
				ENABLE_NS_ASSERTIONS = NO;
				ENABLE_STRICT_OBJC_MSGSEND = YES;
				GCC_C_LANGUAGE_STANDARD = gnu11;
				GCC_NO_COMMON_BLOCKS = YES;
				GCC_WARN_64_TO_32_BIT_CONVERSION = YES;
				GCC_WARN_ABOUT_RETURN_TYPE = YES_ERROR;
				GCC_WARN_UNDECLARED_SELECTOR = YES;
				GCC_WARN_UNINITIALIZED_AUTOS = YES_AGGRESSIVE;
				GCC_WARN_UNUSED_FUNCTION = YES;
				GCC_WARN_UNUSED_VARIABLE = YES;
				IPHONEOS_DEPLOYMENT_TARGET = 15.0;
				MTL_ENABLE_DEBUG_INFO = NO;
				MTL_FAST_MATH = YES;
				SDKROOT = iphoneos;
				SWIFT_COMPILATION_MODE = wholemodule;
				SWIFT_OPTIMIZATION_LEVEL = "-O";
				VALIDATE_PRODUCT = YES;
			};
			name = Release;
		};
		10215D662A057AB40087A892 /* Debug */ = {
			isa = XCBuildConfiguration;
			buildSettings = {
				ASSETCATALOG_COMPILER_APPICON_NAME = AppIcon;
				ASSETCATALOG_COMPILER_GLOBAL_ACCENT_COLOR_NAME = AccentColor;
				CODE_SIGN_STYLE = Automatic;
				CURRENT_PROJECT_VERSION = 1;
				DEVELOPMENT_TEAM = RYP579LK57;
				GENERATE_INFOPLIST_FILE = YES;
				INFOPLIST_FILE = CompassApp/SupportingFiles/Info.plist;
				INFOPLIST_KEY_CFBundleDisplayName = Compass;
				INFOPLIST_KEY_NSLocationWhenInUseUsageDescription = "Your location is used to show your location and to calculate true north.";
				INFOPLIST_KEY_UIApplicationSupportsIndirectInputEvents = YES;
				INFOPLIST_KEY_UILaunchStoryboardName = LaunchScreen;
				INFOPLIST_KEY_UISupportedInterfaceOrientations = UIInterfaceOrientationPortrait;
				INFOPLIST_KEY_UISupportedInterfaceOrientations_iPad = "UIInterfaceOrientationLandscapeLeft UIInterfaceOrientationLandscapeRight UIInterfaceOrientationPortrait UIInterfaceOrientationPortraitUpsideDown";
				IPHONEOS_DEPLOYMENT_TARGET = 15.0;
				LD_RUNPATH_SEARCH_PATHS = (
					"$(inherited)",
					"@executable_path/Frameworks",
				);
				MARKETING_VERSION = 1.0;
				PRODUCT_BUNDLE_IDENTIFIER = sjapi.CompassApp;
				PRODUCT_NAME = "$(TARGET_NAME)";
				SUPPORTED_PLATFORMS = "iphoneos iphonesimulator";
				SUPPORTS_MACCATALYST = NO;
				SUPPORTS_MAC_DESIGNED_FOR_IPHONE_IPAD = NO;
				SWIFT_EMIT_LOC_STRINGS = YES;
				SWIFT_VERSION = 5.0;
				TARGETED_DEVICE_FAMILY = 1;
			};
			name = Debug;
		};
		10215D672A057AB40087A892 /* Release */ = {
			isa = XCBuildConfiguration;
			buildSettings = {
				ASSETCATALOG_COMPILER_APPICON_NAME = AppIcon;
				ASSETCATALOG_COMPILER_GLOBAL_ACCENT_COLOR_NAME = AccentColor;
				CODE_SIGN_STYLE = Automatic;
				CURRENT_PROJECT_VERSION = 1;
				DEVELOPMENT_TEAM = RYP579LK57;
				GENERATE_INFOPLIST_FILE = YES;
				INFOPLIST_FILE = CompassApp/SupportingFiles/Info.plist;
				INFOPLIST_KEY_CFBundleDisplayName = Compass;
				INFOPLIST_KEY_NSLocationWhenInUseUsageDescription = "Your location is used to show your location and to calculate true north.";
				INFOPLIST_KEY_UIApplicationSupportsIndirectInputEvents = YES;
				INFOPLIST_KEY_UILaunchStoryboardName = LaunchScreen;
				INFOPLIST_KEY_UISupportedInterfaceOrientations = UIInterfaceOrientationPortrait;
				INFOPLIST_KEY_UISupportedInterfaceOrientations_iPad = "UIInterfaceOrientationLandscapeLeft UIInterfaceOrientationLandscapeRight UIInterfaceOrientationPortrait UIInterfaceOrientationPortraitUpsideDown";
				IPHONEOS_DEPLOYMENT_TARGET = 15.0;
				LD_RUNPATH_SEARCH_PATHS = (
					"$(inherited)",
					"@executable_path/Frameworks",
				);
				MARKETING_VERSION = 1.0;
				PRODUCT_BUNDLE_IDENTIFIER = sjapi.CompassApp;
				PRODUCT_NAME = "$(TARGET_NAME)";
				SUPPORTED_PLATFORMS = "iphoneos iphonesimulator";
				SUPPORTS_MACCATALYST = NO;
				SUPPORTS_MAC_DESIGNED_FOR_IPHONE_IPAD = NO;
				SWIFT_EMIT_LOC_STRINGS = YES;
				SWIFT_VERSION = 5.0;
				TARGETED_DEVICE_FAMILY = 1;
			};
			name = Release;
		};
/* End XCBuildConfiguration section */

/* Begin XCConfigurationList section */
		10215D4C2A057AB30087A892 /* Build configuration list for PBXProject "CompassApp" */ = {
			isa = XCConfigurationList;
			buildConfigurations = (
				10215D632A057AB40087A892 /* Debug */,
				10215D642A057AB40087A892 /* Release */,
			);
			defaultConfigurationIsVisible = 0;
			defaultConfigurationName = Release;
		};
		10215D652A057AB40087A892 /* Build configuration list for PBXNativeTarget "CompassApp" */ = {
			isa = XCConfigurationList;
			buildConfigurations = (
				10215D662A057AB40087A892 /* Debug */,
				10215D672A057AB40087A892 /* Release */,
			);
			defaultConfigurationIsVisible = 0;
			defaultConfigurationName = Release;
		};
/* End XCConfigurationList section */
	};
	rootObject = 10215D492A057AB30087A892 /* Project object */;
}
